// !$*UTF8*$!
{
	archiveVersion = 1;
	classes = {
	};
	objectVersion = 46;
	objects = {

/* Begin PBXBuildFile section */
		7FC0CA7A1CDD8282008B9618 /* AppDelegate.swift in Sources */ = {isa = PBXBuildFile; fileRef = 7FC0CA791CDD8282008B9618 /* AppDelegate.swift */; };
		7FC0CA7C1CDD8282008B9618 /* ViewController.swift in Sources */ = {isa = PBXBuildFile; fileRef = 7FC0CA7B1CDD8282008B9618 /* ViewController.swift */; };
		7FC0CA7F1CDD8282008B9618 /* Main.storyboard in Resources */ = {isa = PBXBuildFile; fileRef = 7FC0CA7D1CDD8282008B9618 /* Main.storyboard */; };
		7FC0CA821CDD8282008B9618 /* BullsEye.xcdatamodeld in Sources */ = {isa = PBXBuildFile; fileRef = 7FC0CA801CDD8282008B9618 /* BullsEye.xcdatamodeld */; };
		7FC0CA841CDD8282008B9618 /* Assets.xcassets in Resources */ = {isa = PBXBuildFile; fileRef = 7FC0CA831CDD8282008B9618 /* Assets.xcassets */; };
		7FC0CA871CDD8282008B9618 /* LaunchScreen.storyboard in Resources */ = {isa = PBXBuildFile; fileRef = 7FC0CA851CDD8282008B9618 /* LaunchScreen.storyboard */; };
		7FC0CA921CDD8282008B9618 /* BullsEyeTests.swift in Sources */ = {isa = PBXBuildFile; fileRef = 7FC0CA911CDD8282008B9618 /* BullsEyeTests.swift */; };
		7FC0CA9D1CDD8282008B9618 /* BullsEyeUITests.swift in Sources */ = {isa = PBXBuildFile; fileRef = 7FC0CA9C1CDD8282008B9618 /* BullsEyeUITests.swift */; };
		7FC0CAAE1CDD8335008B9618 /* Player.swift in Sources */ = {isa = PBXBuildFile; fileRef = 7FC0CAAA1CDD8335008B9618 /* Player.swift */; };
		7FC0CAAF1CDD8335008B9618 /* PlayerTableViewCell.swift in Sources */ = {isa = PBXBuildFile; fileRef = 7FC0CAAB1CDD8335008B9618 /* PlayerTableViewCell.swift */; };
		7FC0CAB01CDD8335008B9618 /* PlayerTableViewController.swift in Sources */ = {isa = PBXBuildFile; fileRef = 7FC0CAAC1CDD8335008B9618 /* PlayerTableViewController.swift */; };
		7FC0CAB11CDD8335008B9618 /* RatingControl.swift in Sources */ = {isa = PBXBuildFile; fileRef = 7FC0CAAD1CDD8335008B9618 /* RatingControl.swift */; };
		7FC0CAB31CDD83F7008B9618 /* PlayerViewController.swift in Sources */ = {isa = PBXBuildFile; fileRef = 7FC0CAB21CDD83F7008B9618 /* PlayerViewController.swift */; };
/* End PBXBuildFile section */

/* Begin PBXContainerItemProxy section */
		7FC0CA8E1CDD8282008B9618 /* PBXContainerItemProxy */ = {
			isa = PBXContainerItemProxy;
			containerPortal = 7FC0CA6E1CDD8281008B9618 /* Project object */;
			proxyType = 1;
			remoteGlobalIDString = 7FC0CA751CDD8281008B9618;
			remoteInfo = BullsEye;
		};
		7FC0CA991CDD8282008B9618 /* PBXContainerItemProxy */ = {
			isa = PBXContainerItemProxy;
			containerPortal = 7FC0CA6E1CDD8281008B9618 /* Project object */;
			proxyType = 1;
			remoteGlobalIDString = 7FC0CA751CDD8281008B9618;
			remoteInfo = BullsEye;
		};
/* End PBXContainerItemProxy section */

/* Begin PBXFileReference section */
		7FC0CA761CDD8281008B9618 /* BullsEye.app */ = {isa = PBXFileReference; explicitFileType = wrapper.application; includeInIndex = 0; path = BullsEye.app; sourceTree = BUILT_PRODUCTS_DIR; };
		7FC0CA791CDD8282008B9618 /* AppDelegate.swift */ = {isa = PBXFileReference; lastKnownFileType = sourcecode.swift; path = AppDelegate.swift; sourceTree = "<group>"; };
		7FC0CA7B1CDD8282008B9618 /* ViewController.swift */ = {isa = PBXFileReference; lastKnownFileType = sourcecode.swift; path = ViewController.swift; sourceTree = "<group>"; };
		7FC0CA7E1CDD8282008B9618 /* Base */ = {isa = PBXFileReference; lastKnownFileType = file.storyboard; name = Base; path = Base.lproj/Main.storyboard; sourceTree = "<group>"; };
		7FC0CA811CDD8282008B9618 /* BullsEye.xcdatamodel */ = {isa = PBXFileReference; lastKnownFileType = wrapper.xcdatamodel; path = BullsEye.xcdatamodel; sourceTree = "<group>"; };
		7FC0CA831CDD8282008B9618 /* Assets.xcassets */ = {isa = PBXFileReference; lastKnownFileType = folder.assetcatalog; path = Assets.xcassets; sourceTree = "<group>"; };
		7FC0CA861CDD8282008B9618 /* Base */ = {isa = PBXFileReference; lastKnownFileType = file.storyboard; name = Base; path = Base.lproj/LaunchScreen.storyboard; sourceTree = "<group>"; };
		7FC0CA881CDD8282008B9618 /* Info.plist */ = {isa = PBXFileReference; lastKnownFileType = text.plist.xml; path = Info.plist; sourceTree = "<group>"; };
		7FC0CA8D1CDD8282008B9618 /* BullsEyeTests.xctest */ = {isa = PBXFileReference; explicitFileType = wrapper.cfbundle; includeInIndex = 0; path = BullsEyeTests.xctest; sourceTree = BUILT_PRODUCTS_DIR; };
		7FC0CA911CDD8282008B9618 /* BullsEyeTests.swift */ = {isa = PBXFileReference; lastKnownFileType = sourcecode.swift; path = BullsEyeTests.swift; sourceTree = "<group>"; };
		7FC0CA931CDD8282008B9618 /* Info.plist */ = {isa = PBXFileReference; lastKnownFileType = text.plist.xml; path = Info.plist; sourceTree = "<group>"; };
		7FC0CA981CDD8282008B9618 /* BullsEyeUITests.xctest */ = {isa = PBXFileReference; explicitFileType = wrapper.cfbundle; includeInIndex = 0; path = BullsEyeUITests.xctest; sourceTree = BUILT_PRODUCTS_DIR; };
		7FC0CA9C1CDD8282008B9618 /* BullsEyeUITests.swift */ = {isa = PBXFileReference; lastKnownFileType = sourcecode.swift; path = BullsEyeUITests.swift; sourceTree = "<group>"; };
		7FC0CA9E1CDD8282008B9618 /* Info.plist */ = {isa = PBXFileReference; lastKnownFileType = text.plist.xml; path = Info.plist; sourceTree = "<group>"; };
		7FC0CAAA1CDD8335008B9618 /* Player.swift */ = {isa = PBXFileReference; fileEncoding = 4; lastKnownFileType = sourcecode.swift; path = Player.swift; sourceTree = "<group>"; };
		7FC0CAAB1CDD8335008B9618 /* PlayerTableViewCell.swift */ = {isa = PBXFileReference; fileEncoding = 4; lastKnownFileType = sourcecode.swift; path = PlayerTableViewCell.swift; sourceTree = "<group>"; };
		7FC0CAAC1CDD8335008B9618 /* PlayerTableViewController.swift */ = {isa = PBXFileReference; fileEncoding = 4; lastKnownFileType = sourcecode.swift; path = PlayerTableViewController.swift; sourceTree = "<group>"; };
		7FC0CAAD1CDD8335008B9618 /* RatingControl.swift */ = {isa = PBXFileReference; fileEncoding = 4; lastKnownFileType = sourcecode.swift; path = RatingControl.swift; sourceTree = "<group>"; };
		7FC0CAB21CDD83F7008B9618 /* PlayerViewController.swift */ = {isa = PBXFileReference; fileEncoding = 4; lastKnownFileType = sourcecode.swift; path = PlayerViewController.swift; sourceTree = "<group>"; };
/* End PBXFileReference section */

/* Begin PBXFrameworksBuildPhase section */
		7FC0CA731CDD8281008B9618 /* Frameworks */ = {
			isa = PBXFrameworksBuildPhase;
			buildActionMask = 2147483647;
			files = (
			);
			runOnlyForDeploymentPostprocessing = 0;
		};
		7FC0CA8A1CDD8282008B9618 /* Frameworks */ = {
			isa = PBXFrameworksBuildPhase;
			buildActionMask = 2147483647;
			files = (
			);
			runOnlyForDeploymentPostprocessing = 0;
		};
		7FC0CA951CDD8282008B9618 /* Frameworks */ = {
			isa = PBXFrameworksBuildPhase;
			buildActionMask = 2147483647;
			files = (
			);
			runOnlyForDeploymentPostprocessing = 0;
		};
/* End PBXFrameworksBuildPhase section */

/* Begin PBXGroup section */
		7FC0CA6D1CDD8281008B9618 = {
			isa = PBXGroup;
			children = (
				7FC0CA781CDD8282008B9618 /* BullsEye */,
				7FC0CA901CDD8282008B9618 /* BullsEyeTests */,
				7FC0CA9B1CDD8282008B9618 /* BullsEyeUITests */,
				7FC0CA771CDD8281008B9618 /* Products */,
			);
			sourceTree = "<group>";
		};
		7FC0CA771CDD8281008B9618 /* Products */ = {
			isa = PBXGroup;
			children = (
				7FC0CA761CDD8281008B9618 /* BullsEye.app */,
				7FC0CA8D1CDD8282008B9618 /* BullsEyeTests.xctest */,
				7FC0CA981CDD8282008B9618 /* BullsEyeUITests.xctest */,
			);
			name = Products;
			sourceTree = "<group>";
		};
		7FC0CA781CDD8282008B9618 /* BullsEye */ = {
			isa = PBXGroup;
			children = (
				7FC0CAB21CDD83F7008B9618 /* PlayerViewController.swift */,
				7FC0CAAA1CDD8335008B9618 /* Player.swift */,
				7FC0CAAB1CDD8335008B9618 /* PlayerTableViewCell.swift */,
				7FC0CAAC1CDD8335008B9618 /* PlayerTableViewController.swift */,
				7FC0CAAD1CDD8335008B9618 /* RatingControl.swift */,
				7FC0CA791CDD8282008B9618 /* AppDelegate.swift */,
				7FC0CA7B1CDD8282008B9618 /* ViewController.swift */,
				7FC0CA7D1CDD8282008B9618 /* Main.storyboard */,
				7FC0CA831CDD8282008B9618 /* Assets.xcassets */,
				7FC0CA851CDD8282008B9618 /* LaunchScreen.storyboard */,
				7FC0CA881CDD8282008B9618 /* Info.plist */,
				7FC0CA801CDD8282008B9618 /* BullsEye.xcdatamodeld */,
			);
			path = BullsEye;
			sourceTree = "<group>";
		};
		7FC0CA901CDD8282008B9618 /* BullsEyeTests */ = {
			isa = PBXGroup;
			children = (
				7FC0CA911CDD8282008B9618 /* BullsEyeTests.swift */,
				7FC0CA931CDD8282008B9618 /* Info.plist */,
			);
			path = BullsEyeTests;
			sourceTree = "<group>";
		};
		7FC0CA9B1CDD8282008B9618 /* BullsEyeUITests */ = {
			isa = PBXGroup;
			children = (
				7FC0CA9C1CDD8282008B9618 /* BullsEyeUITests.swift */,
				7FC0CA9E1CDD8282008B9618 /* Info.plist */,
			);
			path = BullsEyeUITests;
			sourceTree = "<group>";
		};
/* End PBXGroup section */

/* Begin PBXNativeTarget section */
		7FC0CA751CDD8281008B9618 /* BullsEye */ = {
			isa = PBXNativeTarget;
			buildConfigurationList = 7FC0CAA11CDD8282008B9618 /* Build configuration list for PBXNativeTarget "BullsEye" */;
			buildPhases = (
				7FC0CA721CDD8281008B9618 /* Sources */,
				7FC0CA731CDD8281008B9618 /* Frameworks */,
				7FC0CA741CDD8281008B9618 /* Resources */,
			);
			buildRules = (
			);
			dependencies = (
			);
			name = BullsEye;
			productName = BullsEye;
			productReference = 7FC0CA761CDD8281008B9618 /* BullsEye.app */;
			productType = "com.apple.product-type.application";
		};
		7FC0CA8C1CDD8282008B9618 /* BullsEyeTests */ = {
			isa = PBXNativeTarget;
			buildConfigurationList = 7FC0CAA41CDD8282008B9618 /* Build configuration list for PBXNativeTarget "BullsEyeTests" */;
			buildPhases = (
				7FC0CA891CDD8282008B9618 /* Sources */,
				7FC0CA8A1CDD8282008B9618 /* Frameworks */,
				7FC0CA8B1CDD8282008B9618 /* Resources */,
			);
			buildRules = (
			);
			dependencies = (
				7FC0CA8F1CDD8282008B9618 /* PBXTargetDependency */,
			);
			name = BullsEyeTests;
			productName = BullsEyeTests;
			productReference = 7FC0CA8D1CDD8282008B9618 /* BullsEyeTests.xctest */;
			productType = "com.apple.product-type.bundle.unit-test";
		};
		7FC0CA971CDD8282008B9618 /* BullsEyeUITests */ = {
			isa = PBXNativeTarget;
			buildConfigurationList = 7FC0CAA71CDD8282008B9618 /* Build configuration list for PBXNativeTarget "BullsEyeUITests" */;
			buildPhases = (
				7FC0CA941CDD8282008B9618 /* Sources */,
				7FC0CA951CDD8282008B9618 /* Frameworks */,
				7FC0CA961CDD8282008B9618 /* Resources */,
			);
			buildRules = (
			);
			dependencies = (
				7FC0CA9A1CDD8282008B9618 /* PBXTargetDependency */,
			);
			name = BullsEyeUITests;
			productName = BullsEyeUITests;
			productReference = 7FC0CA981CDD8282008B9618 /* BullsEyeUITests.xctest */;
			productType = "com.apple.product-type.bundle.ui-testing";
		};
/* End PBXNativeTarget section */

/* Begin PBXProject section */
		7FC0CA6E1CDD8281008B9618 /* Project object */ = {
			isa = PBXProject;
			attributes = {
				LastSwiftUpdateCheck = 0730;
				LastUpgradeCheck = 0730;
				ORGANIZATIONNAME = "Ricardo Euán Romo";
				TargetAttributes = {
					7FC0CA751CDD8281008B9618 = {
						CreatedOnToolsVersion = 7.3.1;
						DevelopmentTeam = S5KBBL55XF;
					};
					7FC0CA8C1CDD8282008B9618 = {
						CreatedOnToolsVersion = 7.3.1;
						DevelopmentTeam = S5KBBL55XF;
						TestTargetID = 7FC0CA751CDD8281008B9618;
					};
					7FC0CA971CDD8282008B9618 = {
						CreatedOnToolsVersion = 7.3.1;
						DevelopmentTeam = S5KBBL55XF;
						TestTargetID = 7FC0CA751CDD8281008B9618;
					};
				};
			};
			buildConfigurationList = 7FC0CA711CDD8281008B9618 /* Build configuration list for PBXProject "BullsEye" */;
			compatibilityVersion = "Xcode 3.2";
			developmentRegion = English;
			hasScannedForEncodings = 0;
			knownRegions = (
				en,
				Base,
			);
			mainGroup = 7FC0CA6D1CDD8281008B9618;
			productRefGroup = 7FC0CA771CDD8281008B9618 /* Products */;
			projectDirPath = "";
			projectRoot = "";
			targets = (
				7FC0CA751CDD8281008B9618 /* BullsEye */,
				7FC0CA8C1CDD8282008B9618 /* BullsEyeTests */,
				7FC0CA971CDD8282008B9618 /* BullsEyeUITests */,
			);
		};
/* End PBXProject section */

/* Begin PBXResourcesBuildPhase section */
		7FC0CA741CDD8281008B9618 /* Resources */ = {
			isa = PBXResourcesBuildPhase;
			buildActionMask = 2147483647;
			files = (
				7FC0CA871CDD8282008B9618 /* LaunchScreen.storyboard in Resources */,
				7FC0CA841CDD8282008B9618 /* Assets.xcassets in Resources */,
				7FC0CA7F1CDD8282008B9618 /* Main.storyboard in Resources */,
			);
			runOnlyForDeploymentPostprocessing = 0;
		};
		7FC0CA8B1CDD8282008B9618 /* Resources */ = {
			isa = PBXResourcesBuildPhase;
			buildActionMask = 2147483647;
			files = (
			);
			runOnlyForDeploymentPostprocessing = 0;
		};
		7FC0CA961CDD8282008B9618 /* Resources */ = {
			isa = PBXResourcesBuildPhase;
			buildActionMask = 2147483647;
			files = (
			);
			runOnlyForDeploymentPostprocessing = 0;
		};
/* End PBXResourcesBuildPhase section */

/* Begin PBXSourcesBuildPhase section */
		7FC0CA721CDD8281008B9618 /* Sources */ = {
			isa = PBXSourcesBuildPhase;
			buildActionMask = 2147483647;
			files = (
				7FC0CAB11CDD8335008B9618 /* RatingControl.swift in Sources */,
				7FC0CAB31CDD83F7008B9618 /* PlayerViewController.swift in Sources */,
				7FC0CAAE1CDD8335008B9618 /* Player.swift in Sources */,
				7FC0CA821CDD8282008B9618 /* BullsEye.xcdatamodeld in Sources */,
				7FC0CAB01CDD8335008B9618 /* PlayerTableViewController.swift in Sources */,
				7FC0CAAF1CDD8335008B9618 /* PlayerTableViewCell.swift in Sources */,
				7FC0CA7C1CDD8282008B9618 /* ViewController.swift in Sources */,
				7FC0CA7A1CDD8282008B9618 /* AppDelegate.swift in Sources */,
			);
			runOnlyForDeploymentPostprocessing = 0;
		};
		7FC0CA891CDD8282008B9618 /* Sources */ = {
			isa = PBXSourcesBuildPhase;
			buildActionMask = 2147483647;
			files = (
				7FC0CA921CDD8282008B9618 /* BullsEyeTests.swift in Sources */,
			);
			runOnlyForDeploymentPostprocessing = 0;
		};
		7FC0CA941CDD8282008B9618 /* Sources */ = {
			isa = PBXSourcesBuildPhase;
			buildActionMask = 2147483647;
			files = (
				7FC0CA9D1CDD8282008B9618 /* BullsEyeUITests.swift in Sources */,
			);
			runOnlyForDeploymentPostprocessing = 0;
		};
/* End PBXSourcesBuildPhase section */

/* Begin PBXTargetDependency section */
		7FC0CA8F1CDD8282008B9618 /* PBXTargetDependency */ = {
			isa = PBXTargetDependency;
			target = 7FC0CA751CDD8281008B9618 /* BullsEye */;
			targetProxy = 7FC0CA8E1CDD8282008B9618 /* PBXContainerItemProxy */;
		};
		7FC0CA9A1CDD8282008B9618 /* PBXTargetDependency */ = {
			isa = PBXTargetDependency;
			target = 7FC0CA751CDD8281008B9618 /* BullsEye */;
			targetProxy = 7FC0CA991CDD8282008B9618 /* PBXContainerItemProxy */;
		};
/* End PBXTargetDependency section */

/* Begin PBXVariantGroup section */
		7FC0CA7D1CDD8282008B9618 /* Main.storyboard */ = {
			isa = PBXVariantGroup;
			children = (
				7FC0CA7E1CDD8282008B9618 /* Base */,
			);
			name = Main.storyboard;
			sourceTree = "<group>";
		};
		7FC0CA851CDD8282008B9618 /* LaunchScreen.storyboard */ = {
			isa = PBXVariantGroup;
			children = (
				7FC0CA861CDD8282008B9618 /* Base */,
			);
			name = LaunchScreen.storyboard;
			sourceTree = "<group>";
		};
/* End PBXVariantGroup section */

/* Begin XCBuildConfiguration section */
		7FC0CA9F1CDD8282008B9618 /* Debug */ = {
			isa = XCBuildConfiguration;
			buildSettings = {
				ALWAYS_SEARCH_USER_PATHS = NO;
				CLANG_ANALYZER_NONNULL = YES;
				CLANG_CXX_LANGUAGE_STANDARD = "gnu++0x";
				CLANG_CXX_LIBRARY = "libc++";
				CLANG_ENABLE_MODULES = YES;
				CLANG_ENABLE_OBJC_ARC = YES;
				CLANG_WARN_BOOL_CONVERSION = YES;
				CLANG_WARN_CONSTANT_CONVERSION = YES;
				CLANG_WARN_DIRECT_OBJC_ISA_USAGE = YES_ERROR;
				CLANG_WARN_EMPTY_BODY = YES;
				CLANG_WARN_ENUM_CONVERSION = YES;
				CLANG_WARN_INT_CONVERSION = YES;
				CLANG_WARN_OBJC_ROOT_CLASS = YES_ERROR;
				CLANG_WARN_UNREACHABLE_CODE = YES;
				CLANG_WARN__DUPLICATE_METHOD_MATCH = YES;
				"CODE_SIGN_IDENTITY[sdk=iphoneos*]" = "iPhone Developer";
				COPY_PHASE_STRIP = NO;
				DEBUG_INFORMATION_FORMAT = dwarf;
				ENABLE_STRICT_OBJC_MSGSEND = YES;
				ENABLE_TESTABILITY = YES;
				GCC_C_LANGUAGE_STANDARD = gnu99;
				GCC_DYNAMIC_NO_PIC = NO;
				GCC_NO_COMMON_BLOCKS = YES;
				GCC_OPTIMIZATION_LEVEL = 0;
				GCC_PREPROCESSOR_DEFINITIONS = (
					"DEBUG=1",
					"$(inherited)",
				);
				GCC_WARN_64_TO_32_BIT_CONVERSION = YES;
				GCC_WARN_ABOUT_RETURN_TYPE = YES_ERROR;
				GCC_WARN_UNDECLARED_SELECTOR = YES;
				GCC_WARN_UNINITIALIZED_AUTOS = YES_AGGRESSIVE;
				GCC_WARN_UNUSED_FUNCTION = YES;
				GCC_WARN_UNUSED_VARIABLE = YES;
				IPHONEOS_DEPLOYMENT_TARGET = 9.3;
				MTL_ENABLE_DEBUG_INFO = YES;
				ONLY_ACTIVE_ARCH = YES;
				SDKROOT = iphoneos;
				SWIFT_OPTIMIZATION_LEVEL = "-Onone";
				TARGETED_DEVICE_FAMILY = "1,2";
			};
			name = Debug;
		};
		7FC0CAA01CDD8282008B9618 /* Release */ = {
			isa = XCBuildConfiguration;
			buildSettings = {
				ALWAYS_SEARCH_USER_PATHS = NO;
				CLANG_ANALYZER_NONNULL = YES;
				CLANG_CXX_LANGUAGE_STANDARD = "gnu++0x";
				CLANG_CXX_LIBRARY = "libc++";
				CLANG_ENABLE_MODULES = YES;
				CLANG_ENABLE_OBJC_ARC = YES;
				CLANG_WARN_BOOL_CONVERSION = YES;
				CLANG_WARN_CONSTANT_CONVERSION = YES;
				CLANG_WARN_DIRECT_OBJC_ISA_USAGE = YES_ERROR;
				CLANG_WARN_EMPTY_BODY = YES;
				CLANG_WARN_ENUM_CONVERSION = YES;
				CLANG_WARN_INT_CONVERSION = YES;
				CLANG_WARN_OBJC_ROOT_CLASS = YES_ERROR;
				CLANG_WARN_UNREACHABLE_CODE = YES;
				CLANG_WARN__DUPLICATE_METHOD_MATCH = YES;
				"CODE_SIGN_IDENTITY[sdk=iphoneos*]" = "iPhone Developer";
				COPY_PHASE_STRIP = NO;
				DEBUG_INFORMATION_FORMAT = "dwarf-with-dsym";
				ENABLE_NS_ASSERTIONS = NO;
				ENABLE_STRICT_OBJC_MSGSEND = YES;
				GCC_C_LANGUAGE_STANDARD = gnu99;
				GCC_NO_COMMON_BLOCKS = YES;
				GCC_WARN_64_TO_32_BIT_CONVERSION = YES;
				GCC_WARN_ABOUT_RETURN_TYPE = YES_ERROR;
				GCC_WARN_UNDECLARED_SELECTOR = YES;
				GCC_WARN_UNINITIALIZED_AUTOS = YES_AGGRESSIVE;
				GCC_WARN_UNUSED_FUNCTION = YES;
				GCC_WARN_UNUSED_VARIABLE = YES;
				IPHONEOS_DEPLOYMENT_TARGET = 9.3;
				MTL_ENABLE_DEBUG_INFO = NO;
				SDKROOT = iphoneos;
				TARGETED_DEVICE_FAMILY = "1,2";
				VALIDATE_PRODUCT = YES;
			};
			name = Release;
		};
		7FC0CAA21CDD8282008B9618 /* Debug */ = {
			isa = XCBuildConfiguration;
			buildSettings = {
				ASSETCATALOG_COMPILER_APPICON_NAME = AppIcon;
				INFOPLIST_FILE = BullsEye/Info.plist;
				LD_RUNPATH_SEARCH_PATHS = "$(inherited) @executable_path/Frameworks";
				PRODUCT_BUNDLE_IDENTIFIER = com.itesm.BullsEye;
				PRODUCT_NAME = "$(TARGET_NAME)";
			};
			name = Debug;
		};
		7FC0CAA31CDD8282008B9618 /* Release */ = {
			isa = XCBuildConfiguration;
			buildSettings = {
				ASSETCATALOG_COMPILER_APPICON_NAME = AppIcon;
				INFOPLIST_FILE = BullsEye/Info.plist;
				LD_RUNPATH_SEARCH_PATHS = "$(inherited) @executable_path/Frameworks";
				PRODUCT_BUNDLE_IDENTIFIER = com.itesm.BullsEye;
				PRODUCT_NAME = "$(TARGET_NAME)";
			};
			name = Release;
		};
		7FC0CAA51CDD8282008B9618 /* Debug */ = {
			isa = XCBuildConfiguration;
			buildSettings = {
				BUNDLE_LOADER = "$(TEST_HOST)";
				INFOPLIST_FILE = BullsEyeTests/Info.plist;
				LD_RUNPATH_SEARCH_PATHS = "$(inherited) @executable_path/Frameworks @loader_path/Frameworks";
				PRODUCT_BUNDLE_IDENTIFIER = com.itesm.BullsEyeTests;
				PRODUCT_NAME = "$(TARGET_NAME)";
				TEST_HOST = "$(BUILT_PRODUCTS_DIR)/BullsEye.app/BullsEye";
			};
			name = Debug;
		};
		7FC0CAA61CDD8282008B9618 /* Release */ = {
			isa = XCBuildConfiguration;
			buildSettings = {
				BUNDLE_LOADER = "$(TEST_HOST)";
				INFOPLIST_FILE = BullsEyeTests/Info.plist;
				LD_RUNPATH_SEARCH_PATHS = "$(inherited) @executable_path/Frameworks @loader_path/Frameworks";
				PRODUCT_BUNDLE_IDENTIFIER = com.itesm.BullsEyeTests;
				PRODUCT_NAME = "$(TARGET_NAME)";
				TEST_HOST = "$(BUILT_PRODUCTS_DIR)/BullsEye.app/BullsEye";
			};
			name = Release;
		};
		7FC0CAA81CDD8282008B9618 /* Debug */ = {
			isa = XCBuildConfiguration;
			buildSettings = {
				INFOPLIST_FILE = BullsEyeUITests/Info.plist;
				LD_RUNPATH_SEARCH_PATHS = "$(inherited) @executable_path/Frameworks @loader_path/Frameworks";
				PRODUCT_BUNDLE_IDENTIFIER = com.itesm.BullsEyeUITests;
				PRODUCT_NAME = "$(TARGET_NAME)";
				TEST_TARGET_NAME = BullsEye;
			};
			name = Debug;
		};
		7FC0CAA91CDD8282008B9618 /* Release */ = {
			isa = XCBuildConfiguration;
			buildSettings = {
				INFOPLIST_FILE = BullsEyeUITests/Info.plist;
				LD_RUNPATH_SEARCH_PATHS = "$(inherited) @executable_path/Frameworks @loader_path/Frameworks";
				PRODUCT_BUNDLE_IDENTIFIER = com.itesm.BullsEyeUITests;
				PRODUCT_NAME = "$(TARGET_NAME)";
				TEST_TARGET_NAME = BullsEye;
			};
			name = Release;
		};
/* End XCBuildConfiguration section */

/* Begin XCConfigurationList section */
		7FC0CA711CDD8281008B9618 /* Build configuration list for PBXProject "BullsEye" */ = {
			isa = XCConfigurationList;
			buildConfigurations = (
				7FC0CA9F1CDD8282008B9618 /* Debug */,
				7FC0CAA01CDD8282008B9618 /* Release */,
			);
			defaultConfigurationIsVisible = 0;
			defaultConfigurationName = Release;
		};
		7FC0CAA11CDD8282008B9618 /* Build configuration list for PBXNativeTarget "BullsEye" */ = {
			isa = XCConfigurationList;
			buildConfigurations = (
				7FC0CAA21CDD8282008B9618 /* Debug */,
				7FC0CAA31CDD8282008B9618 /* Release */,
			);
			defaultConfigurationIsVisible = 0;
			defaultConfigurationName = Release;
		};
		7FC0CAA41CDD8282008B9618 /* Build configuration list for PBXNativeTarget "BullsEyeTests" */ = {
			isa = XCConfigurationList;
			buildConfigurations = (
				7FC0CAA51CDD8282008B9618 /* Debug */,
				7FC0CAA61CDD8282008B9618 /* Release */,
			);
			defaultConfigurationIsVisible = 0;
			defaultConfigurationName = Release;
		};
		7FC0CAA71CDD8282008B9618 /* Build configuration list for PBXNativeTarget "BullsEyeUITests" */ = {
			isa = XCConfigurationList;
			buildConfigurations = (
				7FC0CAA81CDD8282008B9618 /* Debug */,
				7FC0CAA91CDD8282008B9618 /* Release */,
			);
			defaultConfigurationIsVisible = 0;
			defaultConfigurationName = Release;
		};
/* End XCConfigurationList section */

/* Begin XCVersionGroup section */
		7FC0CA801CDD8282008B9618 /* BullsEye.xcdatamodeld */ = {
			isa = XCVersionGroup;
			children = (
				7FC0CA811CDD8282008B9618 /* BullsEye.xcdatamodel */,
			);
			currentVersion = 7FC0CA811CDD8282008B9618 /* BullsEye.xcdatamodel */;
			path = BullsEye.xcdatamodeld;
			sourceTree = "<group>";
			versionGroupType = wrapper.xcdatamodel;
		};
/* End XCVersionGroup section */
	};
	rootObject = 7FC0CA6E1CDD8281008B9618 /* Project object */;
}
